
Microsoft Visual Studio Solution File, Format Version 9.00
# Visual Studio 2005
Project("{8BC9CEB8-8B4A-11D0-8D11-00A0C91BC942}") = "prec", "PRec.vcproj", "{33FBF982-A8A8-41CE-B519-74E9A06220B4}"
EndProject
Project("{8BC9CEB8-8B4A-11D0-8D11-00A0C91BC942}") = "test", "test.vcproj", "{9DE7817F-7F02-43D7-A39F-5DE7B69354DA}"
EndProject
Global
	GlobalSection(SolutionConfigurationPlatforms) = preSolution
		Debug|Win32 = Debug|Win32
		Release|Win32 = Release|Win32
		Release-Debug|Win32 = Release-Debug|Win32
	EndGlobalSection
	GlobalSection(ProjectConfigurationPlatforms) = postSolution
		{33FBF982-A8A8-41CE-B519-74E9A06220B4}.Debug|Win32.ActiveCfg = Debug|Win32
		{33FBF982-A8A8-41CE-B519-74E9A06220B4}.Debug|Win32.Build.0 = Debug|Win32
		{33FBF982-A8A8-41CE-B519-74E9A06220B4}.Release|Win32.ActiveCfg = Release|Win32
		{33FBF982-A8A8-41CE-B519-74E9A06220B4}.Release|Win32.Build.0 = Release|Win32
		{33FBF982-A8A8-41CE-B519-74E9A06220B4}.Release-Debug|Win32.ActiveCfg = Release-Debug|Win32
		{33FBF982-A8A8-41CE-B519-74E9A06220B4}.Release-Debug|Win32.Build.0 = Release-Debug|Win32
		{9DE7817F-7F02-43D7-A39F-5DE7B69354DA}.Debug|Win32.ActiveCfg = Debug|Win32
		{9DE7817F-7F02-43D7-A39F-5DE7B69354DA}.Debug|Win32.Build.0 = Debug|Win32
		{9DE7817F-7F02-43D7-A39F-5DE7B69354DA}.Release|Win32.ActiveCfg = Release|Win32
		{9DE7817F-7F02-43D7-A39F-5DE7B69354DA}.Release|Win32.Build.0 = Release|Win32
		{9DE7817F-7F02-43D7-A39F-5DE7B69354DA}.Release-Debug|Win32.ActiveCfg = Release-Debug|Win32
		{9DE7817F-7F02-43D7-A39F-5DE7B69354DA}.Release-Debug|Win32.Build.0 = Release-Debug|Win32
	EndGlobalSection
	GlobalSection(SolutionProperties) = preSolution
		HideSolutionNode = FALSE
	EndGlobalSection
EndGlobal
